
Microsoft Visual Studio Solution File, Format Version 11.00
# Visual Studio 2010
Project("{FAE04EC0-301F-11D3-BF4B-00C04F79EFBC}") = "System.Management.Automation", "System.Management.Automation\System.Management.Automation.csproj", "{3AA23D43-1616-4C39-95D6-D26E63E7D5AB}"
EndProject
Project("{2150E333-8FDC-42A3-9474-1A3956D46DE8}") = "External", "External", "{CD46C44F-E79F-4F98-B3E9-73103E06D849}"
EndProject
Project("{FAE04EC0-301F-11D3-BF4B-00C04F79EFBC}") = "Microsoft.Vsa", "External\Microsoft.Vsa\Microsoft.Vsa.csproj", "{C2C9C8F8-F726-46C3-A2B0-DB338B0833B4}"
EndProject
Project("{FAE04EC0-301F-11D3-BF4B-00C04F79EFBC}") = "Microsoft.JScript", "External\Microsoft.JScript\Microsoft.JScript.csproj", "{B023085C-5EFE-413F-A664-D1701FCAD87B}"
EndProject
Project("{FAE04EC0-301F-11D3-BF4B-00C04F79EFBC}") = "System.Management", "External\System.Management\System.Management.csproj", "{FDC0FF3F-39C6-4837-937B-877497B41A34}"
EndProject
Project("{FAE04EC0-301F-11D3-BF4B-00C04F79EFBC}") = "System.DirectoryServices.Protocols", "External\System.DirectoryServices.Protocols\System.DirectoryServices.Protocols.csproj", "{FAE22CF8-E105-44F8-A56F-9D3329808E31}"
EndProject
Project("{FAE04EC0-301F-11D3-BF4B-00C04F79EFBC}") = "System.ServiceProcess", "External\System.ServiceProcess\System.ServiceProcess.csproj", "{3FC67CBE-D5F2-4CE6-A9E0-8322D04F7DCE}"
EndProject
Project("{FAE04EC0-301F-11D3-BF4B-00C04F79EFBC}") = "Novell.Directory.Ldap", "External\Novell.Directory.Ldap\Novell.Directory.Ldap.csproj", "{13D90459-D9DA-4ADC-B77B-A99F95B07871}"
EndProject
Project("{FAE04EC0-301F-11D3-BF4B-00C04F79EFBC}") = "System.DirectoryServices", "External\System.DirectoryServices\System.DirectoryServices.csproj", "{44EA805B-4769-4511-9D3F-212CFEFF5A99}"
EndProject
Project("{FAE04EC0-301F-11D3-BF4B-00C04F79EFBC}") = "System.Activities", "External\System.Activities\System.Activities.csproj", "{F998DCAB-07EC-45E0-A8FA-99C2D41193D3}"
EndProject
Project("{FAE04EC0-301F-11D3-BF4B-00C04F79EFBC}") = "SharpCompress", "External\SharpCompress\SharpCompress.csproj", "{10A689CF-76A2-4A4F-96E4-553C33398438}"
EndProject
Project("{2150E333-8FDC-42A3-9474-1A3956D46DE8}") = "ServiceModel", "ServiceModel", "{D25EB540-09A6-49FD-816C-64AFC5DFDB92}"
EndProject
Project("{FAE04EC0-301F-11D3-BF4B-00C04F79EFBC}") = "System.ServiceModel.Web-net_4_0", "External\System.ServiceModel\System.ServiceModel.Web\System.ServiceModel.Web-net_4_0.csproj", "{154AEF28-C81F-405D-9072-9F52580E3E7D}"
EndProject
Project("{FAE04EC0-301F-11D3-BF4B-00C04F79EFBC}") = "System.ServiceModel-net_4_0", "External\System.ServiceModel\System.ServiceModel\System.ServiceModel-net_4_0.csproj", "{155AEF28-C81F-405D-9072-9D52780E3E70}"
EndProject
Project("{FAE04EC0-301F-11D3-BF4B-00C04F79EFBC}") = "System.Diagnostics.Eventing", "External\System.Diagnotics.Eventing\System.Diagnostics.Eventing.csproj", "{A57E0533-0FE8-4176-8463-88C80D6A25CF}"
EndProject
Project("{FAE04EC0-301F-11D3-BF4B-00C04F79EFBC}") = "Microsoft.PowerShell.Security", "Microsoft.PowerShell.Security\Microsoft.PowerShell.Security.csproj", "{D740AD94-548E-4FB9-9A37-1C1ADE8DDC50}"
EndProject
Project("{FAE04EC0-301F-11D3-BF4B-00C04F79EFBC}") = "Microsoft.WSMan.Management", "Microsoft.WSMan.Management\Microsoft.WSMan.Management.csproj", "{B98E9E12-1D3D-4E24-AA57-D3EF51E42C85}"
EndProject
Project("{FAE04EC0-301F-11D3-BF4B-00C04F79EFBC}") = "Microsoft.PowerShell.Commands.Management", "Microsoft.PowerShell.Commands.Management\Microsoft.PowerShell.Commands.Management.csproj", "{85FF5EDC-B108-4683-A8AC-BBC9D13B9009}"
EndProject
Project("{FAE04EC0-301F-11D3-BF4B-00C04F79EFBC}") = "Microsoft.PowerShell.Commands.Diagnostics", "Microsoft.PowerShell.Commands.Diagnostics\Microsoft.PowerShell.Commands.Diagnostics.csproj", "{B0585C0C-A200-4D6D-8B58-D64B28C7DEF1}"
EndProject
Project("{FAE04EC0-301F-11D3-BF4B-00C04F79EFBC}") = "Microsoft.PowerShell.Commands.Utility", "Microsoft.PowerShell.Commands.Utility\Microsoft.PowerShell.Commands.Utility.csproj", "{BC191DD9-C148-4229-B30D-2BAC26DB8252}"
EndProject
Project("{FAE04EC0-301F-11D3-BF4B-00C04F79EFBC}") = "PashConsole", "PashConsole\PashConsole.csproj", "{BB348EAD-1713-4760-9953-BC721A203885}"
EndProject
Project("{FAE04EC0-301F-11D3-BF4B-00C04F79EFBC}") = "Microsoft.PowerShell.ConsoleHost", "Microsoft.PowerShell.ConsoleHost\Microsoft.PowerShell.ConsoleHost.csproj", "{F909DC26-86C6-4B35-BC98-AF20AF084C8E}"
EndProject
Project("{2150E333-8FDC-42A3-9474-1A3956D46DE8}") = "Modules", "Modules", "{43C34C3B-3961-4DEB-A64F-5C4D59F6AD2D}"
EndProject
Project("{2150E333-8FDC-42A3-9474-1A3956D46DE8}") = "Network", "Network", "{057AF1BA-AC93-427E-9BB8-9761084B7910}"
EndProject
Project("{FAE04EC0-301F-11D3-BF4B-00C04F79EFBC}") = "Microsoft.DnsClient.Commands", "Modules\Network\Microsoft.DnsClient.Commands\Microsoft.DnsClient.Commands.csproj", "{6F1ECADE-5581-4E0A-9576-E012F2BFF0D5}"
EndProject
Project("{2150E333-8FDC-42A3-9474-1A3956D46DE8}") = "Web", "Web", "{ED42F952-5DD8-4310-A636-D820BEA09B72}"
EndProject
Project("{2150E333-8FDC-42A3-9474-1A3956D46DE8}") = "ActiveDirectory", "ActiveDirectory", "{4338C7D3-1438-49F8-9234-588E4F1FC9FC}"
EndProject
Project("{FAE04EC0-301F-11D3-BF4B-00C04F79EFBC}") = "Microsoft.ActiveDirectory.TRLParser", "Modules\ActiveDirectory\Microsoft.ActiveDirectory.TRLParser\Microsoft.ActiveDirectory.TRLParser.csproj", "{9029B871-17D0-4005-A34C-2522502EF5D8}"
EndProject
Project("{FAE04EC0-301F-11D3-BF4B-00C04F79EFBC}") = "Microsoft.ActiveDirectory.Management", "Modules\ActiveDirectory\Microsoft.ActiveDirectory.Management\Microsoft.ActiveDirectory.Management.csproj", "{5096A13B-EA1F-4828-B4E2-0423A7AD720F}"
EndProject
Project("{2150E333-8FDC-42A3-9474-1A3956D46DE8}") = "Database", "Database", "{44C77538-93D6-4DB6-9D59-341F7DDA65C1}"
EndProject
Project("{FAE04EC0-301F-11D3-BF4B-00C04F79EFBC}") = "Mono.Data.OData.PowerShell", "Modules\Database\Mono.Data.OData.PowerShell\Mono.Data.OData.PowerShell.csproj", "{F7243B5E-D4FA-43C0-B27D-C83175D588DD}"
EndProject
Project("{FAE04EC0-301F-11D3-BF4B-00C04F79EFBC}") = "Mono.Data.Sqlite.PowerShell", "Modules\Database\Mono.Data.Sqlite.PowerShell\Mono.Data.Sqlite.PowerShell.csproj", "{33A9B099-7F90-4545-9BEE-1E6D81DA591B}"
EndProject
Project("{FAE04EC0-301F-11D3-BF4B-00C04F79EFBC}") = "Mono.Data.PowerShell", "Modules\Database\Mono.Data.PowerShell\Mono.Data.PowerShell.csproj", "{93E2477A-BF87-446D-8077-30E7930C0BF2}"
EndProject
Project("{2150E333-8FDC-42A3-9474-1A3956D46DE8}") = "PSCX", "PSCX", "{88B32759-3C1B-4ACF-BE59-4BD3E5E46BBC}"
EndProject
Project("{FAE04EC0-301F-11D3-BF4B-00C04F79EFBC}") = "EchoArgs", "Modules\PSCX\EchoArgs\EchoArgs.csproj", "{B75A9334-94F2-418E-BC80-D7DB45397D8D}"
EndProject
Project("{FAE04EC0-301F-11D3-BF4B-00C04F79EFBC}") = "Pscx.Core", "Modules\PSCX\Pscx.Core\Pscx.Core.csproj", "{2527CA26-82B6-4E2C-8199-25E5986A8AA2}"
EndProject
Project("{FAE04EC0-301F-11D3-BF4B-00C04F79EFBC}") = "PowerCollections", "Modules\PSCX\PowerCollections\PowerCollections.csproj", "{5821977D-AC2C-4912-BCD0-6E6B1A756167}"
EndProject
Project("{FAE04EC0-301F-11D3-BF4B-00C04F79EFBC}") = "Pscx", "Modules\PSCX\Pscx\Pscx.csproj", "{CAC61CE5-BD44-469A-A27E-8BC945E84019}"
EndProject
Project("{FAE04EC0-301F-11D3-BF4B-00C04F79EFBC}") = "PscxHelp", "Modules\PSCX\PscxHelp\PscxHelp.csproj", "{5FC267A9-D477-41B9-B2AA-BF4A1A029940}"
EndProject
Project("{2150E333-8FDC-42A3-9474-1A3956D46DE8}") = "EntityFramework", "EntityFramework", "{A6787FBE-45ED-4685-AD31-0635285CA31D}"
EndProject
Project("{2150E333-8FDC-42A3-9474-1A3956D46DE8}") = "OData", "OData", "{0A8787AE-05F0-4518-80D1-6C0394FC832E}"
EndProject
Project("{FAE04EC0-301F-11D3-BF4B-00C04F79EFBC}") = "System.Spatial.PowerShell", "Modules\OData\System.Spatial.PowerShell\System.Spatial.PowerShell.csproj", "{16E74297-50B6-44A4-A3EB-6DD23F27884B}"
EndProject
Project("{FAE04EC0-301F-11D3-BF4B-00C04F79EFBC}") = "Microsoft.Data.Edm.PowerShell", "Modules\OData\Microsoft.Data.Edm.PowerShell\Microsoft.Data.Edm.PowerShell.csproj", "{72D167B9-C5C7-44A6-9C1B-A3D925153411}"
EndProject
Project("{FAE04EC0-301F-11D3-BF4B-00C04F79EFBC}") = "Microsoft.Data.OData.PowerShell", "Modules\OData\Microsoft.Data.OData.PowerShell\Microsoft.Data.OData.PowerShell.csproj", "{6E31202F-874A-440B-AD71-209FFB503EC7}"
EndProject
Project("{FAE04EC0-301F-11D3-BF4B-00C04F79EFBC}") = "Microsoft.Data.Services.Client.PowerShell", "Modules\OData\Microsoft.Data.Services.Client.PowerShell\Microsoft.Data.Services.Client.PowerShell.csproj", "{236F5B85-FC0A-4D8D-B5A8-7FAB95B27E87}"
EndProject
Project("{FAE04EC0-301F-11D3-BF4B-00C04F79EFBC}") = "Microsoft.Data.Services.PowerShell", "Modules\OData\Microsoft.Data.Services.PowerShell\Microsoft.Data.Services.PowerShell.csproj", "{26F36111-8EC2-485E-BCAD-B99F5BDCBAC9}"
EndProject
Project("{FAE04EC0-301F-11D3-BF4B-00C04F79EFBC}") = "Microsoft.Management.Odata", "Modules\OData\Microsoft.Management.Odata\Microsoft.Management.Odata.csproj", "{F65CDE28-4AF6-44C0-B729-EE71496C64F5}"
EndProject
Project("{FAE04EC0-301F-11D3-BF4B-00C04F79EFBC}") = "ODataSvc", "Modules\OData\ODataSvc\ODataSvc.csproj", "{03CE8C7E-1027-481C-B805-90C6D33E47BA}"
EndProject
Project("{2150E333-8FDC-42A3-9474-1A3956D46DE8}") = "Tests", "Tests", "{7E4D91D8-19FB-4544-BA48-04768A238A95}"
EndProject
Project("{FAE04EC0-301F-11D3-BF4B-00C04F79EFBC}") = "System.Management.Tests", "Tests\System.Management.Tests\System.Management.Tests.csproj", "{682188EE-DD3D-414B-9E26-EAD3431D7822}"
EndProject
Project("{FAE04EC0-301F-11D3-BF4B-00C04F79EFBC}") = "WSMan.Tests", "Tests\WSMan.Tests\WSMan.Tests.csproj", "{24D87BE5-47DD-4D7A-A3EC-A59FAA583018}"
EndProject
Project("{FAE04EC0-301F-11D3-BF4B-00C04F79EFBC}") = "System.Management.Automation.Extensions", "System.Management.Automation.Extensions\System.Management.Automation.Extensions.csproj", "{C82E52DB-84C5-4A16-906A-BFA5CF09479F}"
EndProject
Project("{FAE04EC0-301F-11D3-BF4B-00C04F79EFBC}") = "Microsoft.Management.Infrastructure.CimCmdlets", "Microsoft.Management.Infrastructure.CimCmdlets\Microsoft.Management.Infrastructure.CimCmdlets.csproj", "{BC8D336F-8A97-418F-A173-7F212607239C}"
EndProject
Project("{FAE04EC0-301F-11D3-BF4B-00C04F79EFBC}") = "Microsoft.PowerShell.ScheduledJob", "Microsoft.PowerShell.ScheduleJob\Microsoft.PowerShell.ScheduledJob.csproj", "{7091427D-7CE8-46C9-A10E-EC560921A557}"
EndProject
Project("{2150E333-8FDC-42A3-9474-1A3956D46DE8}") = "Web", "Web", "{980208B6-9D85-49FE-8152-7D86547D5E0A}"
EndProject
Project("{FAE04EC0-301F-11D3-BF4B-00C04F79EFBC}") = "Microsoft.Management.UI.PowWA.Management", "Web\Microsoft.Management.UI.PowWA.Management\Microsoft.Management.UI.PowWA.Management.csproj", "{EB37BDB5-A572-4991-BD5A-F4018CBC866E}"
EndProject
Project("{FAE04EC0-301F-11D3-BF4B-00C04F79EFBC}") = "Microsoft.Management.UI.PowWA.Host", "Web\Microsoft.Management.UI.PowWA.Host\Microsoft.Management.UI.PowWA.Host.csproj", "{651D0468-D31B-418C-8F50-8DC3C07A205E}"
EndProject
Project("{FAE04EC0-301F-11D3-BF4B-00C04F79EFBC}") = "Microsoft.Management.UI.PowWA.Commands", "Web\Microsoft.Management.UI.PowWA.Commands\Microsoft.Management.UI.PowWA.Commands.csproj", "{69091558-FB59-4F73-BFBD-50649375EAB8}"
EndProject
Project("{FAE04EC0-301F-11D3-BF4B-00C04F79EFBC}") = "Microsoft.Management.UI.PowWA.Web", "Web\Microsoft.Management.UI.PowWA.Web\Microsoft.Management.UI.PowWA.Web.csproj", "{1575E100-9D63-4F78-8B87-1121C7EC48BF}"
EndProject
Project("{FAE04EC0-301F-11D3-BF4B-00C04F79EFBC}") = "PowerShellWebAccess", "Web\PowerShellWebAccess\PowerShellWebAccess.csproj", "{B5D1EC62-8AB3-4F03-8C6F-7B2B024F8AF6}"
EndProject
Project("{FAE04EC0-301F-11D3-BF4B-00C04F79EFBC}") = "WSManSvc", "WSManSvc\WSManSvc.csproj", "{6498C2FA-73B6-4109-AE0D-3E6FEAD0B858}"
EndProject
Project("{2150E333-8FDC-42A3-9474-1A3956D46DE8}") = "WSMan", "WSMan", "{F5694A6D-6DBD-420D-8189-0DE91CE456C8}"
EndProject
Project("{FAE04EC0-301F-11D3-BF4B-00C04F79EFBC}") = "Microsoft.WSMan", "WSMan\Microsoft.WSMan\Microsoft.WSMan.csproj", "{B8D62759-07A1-4B92-9F0C-20F42C08E9E9}"
EndProject
Project("{FAE04EC0-301F-11D3-BF4B-00C04F79EFBC}") = "Microsoft.WSMan.PowerShell", "WSMan\Microsoft.WSMan.PowerShell\Microsoft.WSMan.PowerShell.csproj", "{B21C896A-99E6-4DB7-90FD-D71B9CE211DF}"
EndProject
Project("{FAE04EC0-301F-11D3-BF4B-00C04F79EFBC}") = "Microsoft.WSMan.Cim", "WSMan\Microsoft.WSMan.Cim\Microsoft.WSMan.Cim.csproj", "{B55EE102-28FB-462F-A827-23AF26DE5140}"
EndProject
Global
	GlobalSection(SolutionConfigurationPlatforms) = preSolution
		Debug|Any CPU = Debug|Any CPU
		Release|Any CPU = Release|Any CPU
	EndGlobalSection
	GlobalSection(ProjectConfigurationPlatforms) = postSolution
		{03CE8C7E-1027-481C-B805-90C6D33E47BA}.Debug|Any CPU.ActiveCfg = Debug|Any CPU
		{03CE8C7E-1027-481C-B805-90C6D33E47BA}.Debug|Any CPU.Build.0 = Debug|Any CPU
		{03CE8C7E-1027-481C-B805-90C6D33E47BA}.Release|Any CPU.ActiveCfg = Release|Any CPU
		{03CE8C7E-1027-481C-B805-90C6D33E47BA}.Release|Any CPU.Build.0 = Release|Any CPU
		{10A689CF-76A2-4A4F-96E4-553C33398438}.Debug|Any CPU.ActiveCfg = Debug|Any CPU
		{10A689CF-76A2-4A4F-96E4-553C33398438}.Debug|Any CPU.Build.0 = Debug|Any CPU
		{10A689CF-76A2-4A4F-96E4-553C33398438}.Release|Any CPU.ActiveCfg = Release|Any CPU
		{10A689CF-76A2-4A4F-96E4-553C33398438}.Release|Any CPU.Build.0 = Release|Any CPU
		{13D90459-D9DA-4ADC-B77B-A99F95B07871}.Debug|Any CPU.ActiveCfg = Debug|Any CPU
		{13D90459-D9DA-4ADC-B77B-A99F95B07871}.Debug|Any CPU.Build.0 = Debug|Any CPU
		{13D90459-D9DA-4ADC-B77B-A99F95B07871}.Release|Any CPU.ActiveCfg = Release|Any CPU
		{13D90459-D9DA-4ADC-B77B-A99F95B07871}.Release|Any CPU.Build.0 = Release|Any CPU
		{154AEF28-C81F-405D-9072-9F52580E3E7D}.Debug|Any CPU.ActiveCfg = Debug|Any CPU
		{154AEF28-C81F-405D-9072-9F52580E3E7D}.Debug|Any CPU.Build.0 = Debug|Any CPU
		{154AEF28-C81F-405D-9072-9F52580E3E7D}.Release|Any CPU.ActiveCfg = Release|Any CPU
		{154AEF28-C81F-405D-9072-9F52580E3E7D}.Release|Any CPU.Build.0 = Release|Any CPU
		{155AEF28-C81F-405D-9072-9D52780E3E70}.Debug|Any CPU.ActiveCfg = Debug|Any CPU
		{155AEF28-C81F-405D-9072-9D52780E3E70}.Debug|Any CPU.Build.0 = Debug|Any CPU
		{155AEF28-C81F-405D-9072-9D52780E3E70}.Release|Any CPU.ActiveCfg = Release|Any CPU
		{155AEF28-C81F-405D-9072-9D52780E3E70}.Release|Any CPU.Build.0 = Release|Any CPU
		{1575E100-9D63-4F78-8B87-1121C7EC48BF}.Debug|Any CPU.ActiveCfg = Debug|Any CPU
		{1575E100-9D63-4F78-8B87-1121C7EC48BF}.Debug|Any CPU.Build.0 = Debug|Any CPU
		{1575E100-9D63-4F78-8B87-1121C7EC48BF}.Release|Any CPU.ActiveCfg = Release|x86
		{1575E100-9D63-4F78-8B87-1121C7EC48BF}.Release|Any CPU.Build.0 = Release|x86
		{16E74297-50B6-44A4-A3EB-6DD23F27884B}.Debug|Any CPU.ActiveCfg = Debug|Any CPU
		{16E74297-50B6-44A4-A3EB-6DD23F27884B}.Debug|Any CPU.Build.0 = Debug|Any CPU
		{16E74297-50B6-44A4-A3EB-6DD23F27884B}.Release|Any CPU.ActiveCfg = Release|Any CPU
		{16E74297-50B6-44A4-A3EB-6DD23F27884B}.Release|Any CPU.Build.0 = Release|Any CPU
		{236F5B85-FC0A-4D8D-B5A8-7FAB95B27E87}.Debug|Any CPU.ActiveCfg = Debug|Any CPU
		{236F5B85-FC0A-4D8D-B5A8-7FAB95B27E87}.Debug|Any CPU.Build.0 = Debug|Any CPU
		{236F5B85-FC0A-4D8D-B5A8-7FAB95B27E87}.Release|Any CPU.ActiveCfg = Release|Any CPU
		{236F5B85-FC0A-4D8D-B5A8-7FAB95B27E87}.Release|Any CPU.Build.0 = Release|Any CPU
		{24D87BE5-47DD-4D7A-A3EC-A59FAA583018}.Debug|Any CPU.ActiveCfg = Debug|Any CPU
		{24D87BE5-47DD-4D7A-A3EC-A59FAA583018}.Debug|Any CPU.Build.0 = Debug|Any CPU
		{24D87BE5-47DD-4D7A-A3EC-A59FAA583018}.Release|Any CPU.ActiveCfg = Release|Any CPU
		{24D87BE5-47DD-4D7A-A3EC-A59FAA583018}.Release|Any CPU.Build.0 = Release|Any CPU
		{2527CA26-82B6-4E2C-8199-25E5986A8AA2}.Debug|Any CPU.ActiveCfg = Debug|Any CPU
		{2527CA26-82B6-4E2C-8199-25E5986A8AA2}.Debug|Any CPU.Build.0 = Debug|Any CPU
		{2527CA26-82B6-4E2C-8199-25E5986A8AA2}.Release|Any CPU.ActiveCfg = Release|Any CPU
		{2527CA26-82B6-4E2C-8199-25E5986A8AA2}.Release|Any CPU.Build.0 = Release|Any CPU
		{26F36111-8EC2-485E-BCAD-B99F5BDCBAC9}.Debug|Any CPU.ActiveCfg = Debug|Any CPU
		{26F36111-8EC2-485E-BCAD-B99F5BDCBAC9}.Debug|Any CPU.Build.0 = Debug|Any CPU
		{26F36111-8EC2-485E-BCAD-B99F5BDCBAC9}.Release|Any CPU.ActiveCfg = Release|Any CPU
		{26F36111-8EC2-485E-BCAD-B99F5BDCBAC9}.Release|Any CPU.Build.0 = Release|Any CPU
		{33A9B099-7F90-4545-9BEE-1E6D81DA591B}.Debug|Any CPU.ActiveCfg = Debug|Any CPU
		{33A9B099-7F90-4545-9BEE-1E6D81DA591B}.Debug|Any CPU.Build.0 = Debug|Any CPU
		{33A9B099-7F90-4545-9BEE-1E6D81DA591B}.Release|Any CPU.ActiveCfg = Release|Any CPU
		{33A9B099-7F90-4545-9BEE-1E6D81DA591B}.Release|Any CPU.Build.0 = Release|Any CPU
		{3AA23D43-1616-4C39-95D6-D26E63E7D5AB}.Debug|Any CPU.ActiveCfg = Debug|Any CPU
		{3AA23D43-1616-4C39-95D6-D26E63E7D5AB}.Debug|Any CPU.Build.0 = Debug|Any CPU
		{3AA23D43-1616-4C39-95D6-D26E63E7D5AB}.Release|Any CPU.ActiveCfg = Release|Any CPU
		{3AA23D43-1616-4C39-95D6-D26E63E7D5AB}.Release|Any CPU.Build.0 = Release|Any CPU
		{3FC67CBE-D5F2-4CE6-A9E0-8322D04F7DCE}.Debug|Any CPU.ActiveCfg = Debug|Any CPU
		{3FC67CBE-D5F2-4CE6-A9E0-8322D04F7DCE}.Debug|Any CPU.Build.0 = Debug|Any CPU
		{3FC67CBE-D5F2-4CE6-A9E0-8322D04F7DCE}.Release|Any CPU.ActiveCfg = Release|Any CPU
		{3FC67CBE-D5F2-4CE6-A9E0-8322D04F7DCE}.Release|Any CPU.Build.0 = Release|Any CPU
		{44EA805B-4769-4511-9D3F-212CFEFF5A99}.Debug|Any CPU.ActiveCfg = Debug|Any CPU
		{44EA805B-4769-4511-9D3F-212CFEFF5A99}.Debug|Any CPU.Build.0 = Debug|Any CPU
		{44EA805B-4769-4511-9D3F-212CFEFF5A99}.Release|Any CPU.ActiveCfg = Release|Any CPU
		{44EA805B-4769-4511-9D3F-212CFEFF5A99}.Release|Any CPU.Build.0 = Release|Any CPU
		{5096A13B-EA1F-4828-B4E2-0423A7AD720F}.Debug|Any CPU.ActiveCfg = Debug|Any CPU
		{5096A13B-EA1F-4828-B4E2-0423A7AD720F}.Debug|Any CPU.Build.0 = Debug|Any CPU
		{5096A13B-EA1F-4828-B4E2-0423A7AD720F}.Release|Any CPU.ActiveCfg = Release|Any CPU
		{5096A13B-EA1F-4828-B4E2-0423A7AD720F}.Release|Any CPU.Build.0 = Release|Any CPU
		{5821977D-AC2C-4912-BCD0-6E6B1A756167}.Debug|Any CPU.ActiveCfg = Debug|Any CPU
		{5821977D-AC2C-4912-BCD0-6E6B1A756167}.Debug|Any CPU.Build.0 = Debug|Any CPU
		{5821977D-AC2C-4912-BCD0-6E6B1A756167}.Release|Any CPU.ActiveCfg = Release|Any CPU
		{5821977D-AC2C-4912-BCD0-6E6B1A756167}.Release|Any CPU.Build.0 = Release|Any CPU
		{5FC267A9-D477-41B9-B2AA-BF4A1A029940}.Debug|Any CPU.ActiveCfg = Debug|Any CPU
		{5FC267A9-D477-41B9-B2AA-BF4A1A029940}.Debug|Any CPU.Build.0 = Debug|Any CPU
		{5FC267A9-D477-41B9-B2AA-BF4A1A029940}.Release|Any CPU.ActiveCfg = Release|Any CPU
		{5FC267A9-D477-41B9-B2AA-BF4A1A029940}.Release|Any CPU.Build.0 = Release|Any CPU
		{6498C2FA-73B6-4109-AE0D-3E6FEAD0B858}.Debug|Any CPU.ActiveCfg = Debug|Any CPU
		{6498C2FA-73B6-4109-AE0D-3E6FEAD0B858}.Debug|Any CPU.Build.0 = Debug|Any CPU
		{6498C2FA-73B6-4109-AE0D-3E6FEAD0B858}.Release|Any CPU.ActiveCfg = Release|Any CPU
		{6498C2FA-73B6-4109-AE0D-3E6FEAD0B858}.Release|Any CPU.Build.0 = Release|Any CPU
		{651D0468-D31B-418C-8F50-8DC3C07A205E}.Debug|Any CPU.ActiveCfg = Debug|Any CPU
		{651D0468-D31B-418C-8F50-8DC3C07A205E}.Debug|Any CPU.Build.0 = Debug|Any CPU
		{651D0468-D31B-418C-8F50-8DC3C07A205E}.Release|Any CPU.ActiveCfg = Release|x86
		{651D0468-D31B-418C-8F50-8DC3C07A205E}.Release|Any CPU.Build.0 = Release|x86
		{682188EE-DD3D-414B-9E26-EAD3431D7822}.Debug|Any CPU.ActiveCfg = Debug|Any CPU
		{682188EE-DD3D-414B-9E26-EAD3431D7822}.Debug|Any CPU.Build.0 = Debug|Any CPU
		{682188EE-DD3D-414B-9E26-EAD3431D7822}.Release|Any CPU.ActiveCfg = Release|Any CPU
		{682188EE-DD3D-414B-9E26-EAD3431D7822}.Release|Any CPU.Build.0 = Release|Any CPU
		{69091558-FB59-4F73-BFBD-50649375EAB8}.Debug|Any CPU.ActiveCfg = Debug|Any CPU
		{69091558-FB59-4F73-BFBD-50649375EAB8}.Debug|Any CPU.Build.0 = Debug|Any CPU
		{69091558-FB59-4F73-BFBD-50649375EAB8}.Release|Any CPU.ActiveCfg = Release|x86
		{69091558-FB59-4F73-BFBD-50649375EAB8}.Release|Any CPU.Build.0 = Release|x86
		{6E31202F-874A-440B-AD71-209FFB503EC7}.Debug|Any CPU.ActiveCfg = Debug|Any CPU
		{6E31202F-874A-440B-AD71-209FFB503EC7}.Debug|Any CPU.Build.0 = Debug|Any CPU
		{6E31202F-874A-440B-AD71-209FFB503EC7}.Release|Any CPU.ActiveCfg = Release|Any CPU
		{6E31202F-874A-440B-AD71-209FFB503EC7}.Release|Any CPU.Build.0 = Release|Any CPU
		{6F1ECADE-5581-4E0A-9576-E012F2BFF0D5}.Debug|Any CPU.ActiveCfg = Debug|Any CPU
		{6F1ECADE-5581-4E0A-9576-E012F2BFF0D5}.Debug|Any CPU.Build.0 = Debug|Any CPU
		{6F1ECADE-5581-4E0A-9576-E012F2BFF0D5}.Release|Any CPU.ActiveCfg = Release|Any CPU
		{6F1ECADE-5581-4E0A-9576-E012F2BFF0D5}.Release|Any CPU.Build.0 = Release|Any CPU
		{7091427D-7CE8-46C9-A10E-EC560921A557}.Debug|Any CPU.ActiveCfg = Debug|Any CPU
		{7091427D-7CE8-46C9-A10E-EC560921A557}.Debug|Any CPU.Build.0 = Debug|Any CPU
		{7091427D-7CE8-46C9-A10E-EC560921A557}.Release|Any CPU.ActiveCfg = Release|Any CPU
		{7091427D-7CE8-46C9-A10E-EC560921A557}.Release|Any CPU.Build.0 = Release|Any CPU
		{72D167B9-C5C7-44A6-9C1B-A3D925153411}.Debug|Any CPU.ActiveCfg = Debug|Any CPU
		{72D167B9-C5C7-44A6-9C1B-A3D925153411}.Debug|Any CPU.Build.0 = Debug|Any CPU
		{72D167B9-C5C7-44A6-9C1B-A3D925153411}.Release|Any CPU.ActiveCfg = Release|x86
		{72D167B9-C5C7-44A6-9C1B-A3D925153411}.Release|Any CPU.Build.0 = Release|x86
		{85FF5EDC-B108-4683-A8AC-BBC9D13B9009}.Debug|Any CPU.ActiveCfg = Debug|Any CPU
		{85FF5EDC-B108-4683-A8AC-BBC9D13B9009}.Debug|Any CPU.Build.0 = Debug|Any CPU
		{85FF5EDC-B108-4683-A8AC-BBC9D13B9009}.Release|Any CPU.ActiveCfg = Release|Any CPU
		{85FF5EDC-B108-4683-A8AC-BBC9D13B9009}.Release|Any CPU.Build.0 = Release|Any CPU
		{9029B871-17D0-4005-A34C-2522502EF5D8}.Debug|Any CPU.ActiveCfg = Debug|Any CPU
		{9029B871-17D0-4005-A34C-2522502EF5D8}.Debug|Any CPU.Build.0 = Debug|Any CPU
		{9029B871-17D0-4005-A34C-2522502EF5D8}.Release|Any CPU.ActiveCfg = Release|Any CPU
		{9029B871-17D0-4005-A34C-2522502EF5D8}.Release|Any CPU.Build.0 = Release|Any CPU
		{93E2477A-BF87-446D-8077-30E7930C0BF2}.Debug|Any CPU.ActiveCfg = Debug|Any CPU
		{93E2477A-BF87-446D-8077-30E7930C0BF2}.Debug|Any CPU.Build.0 = Debug|Any CPU
		{93E2477A-BF87-446D-8077-30E7930C0BF2}.Release|Any CPU.ActiveCfg = Release|Any CPU
		{93E2477A-BF87-446D-8077-30E7930C0BF2}.Release|Any CPU.Build.0 = Release|Any CPU
		{A57E0533-0FE8-4176-8463-88C80D6A25CF}.Debug|Any CPU.ActiveCfg = Debug|Any CPU
		{A57E0533-0FE8-4176-8463-88C80D6A25CF}.Debug|Any CPU.Build.0 = Debug|Any CPU
		{A57E0533-0FE8-4176-8463-88C80D6A25CF}.Release|Any CPU.ActiveCfg = Release|Any CPU
		{A57E0533-0FE8-4176-8463-88C80D6A25CF}.Release|Any CPU.Build.0 = Release|Any CPU
		{B023085C-5EFE-413F-A664-D1701FCAD87B}.Debug|Any CPU.ActiveCfg = Debug|Any CPU
		{B023085C-5EFE-413F-A664-D1701FCAD87B}.Debug|Any CPU.Build.0 = Debug|Any CPU
		{B023085C-5EFE-413F-A664-D1701FCAD87B}.Release|Any CPU.ActiveCfg = Release|Any CPU
		{B023085C-5EFE-413F-A664-D1701FCAD87B}.Release|Any CPU.Build.0 = Release|Any CPU
		{B0585C0C-A200-4D6D-8B58-D64B28C7DEF1}.Debug|Any CPU.ActiveCfg = Debug|Any CPU
		{B0585C0C-A200-4D6D-8B58-D64B28C7DEF1}.Debug|Any CPU.Build.0 = Debug|Any CPU
		{B0585C0C-A200-4D6D-8B58-D64B28C7DEF1}.Release|Any CPU.ActiveCfg = Release|Any CPU
		{B0585C0C-A200-4D6D-8B58-D64B28C7DEF1}.Release|Any CPU.Build.0 = Release|Any CPU
		{B21C896A-99E6-4DB7-90FD-D71B9CE211DF}.Debug|Any CPU.ActiveCfg = Debug|Any CPU
		{B21C896A-99E6-4DB7-90FD-D71B9CE211DF}.Debug|Any CPU.Build.0 = Debug|Any CPU
		{B21C896A-99E6-4DB7-90FD-D71B9CE211DF}.Release|Any CPU.ActiveCfg = Release|Any CPU
		{B21C896A-99E6-4DB7-90FD-D71B9CE211DF}.Release|Any CPU.Build.0 = Release|Any CPU
		{B55EE102-28FB-462F-A827-23AF26DE5140}.Debug|Any CPU.ActiveCfg = Debug|Any CPU
		{B55EE102-28FB-462F-A827-23AF26DE5140}.Debug|Any CPU.Build.0 = Debug|Any CPU
		{B55EE102-28FB-462F-A827-23AF26DE5140}.Release|Any CPU.ActiveCfg = Release|Any CPU
		{B55EE102-28FB-462F-A827-23AF26DE5140}.Release|Any CPU.Build.0 = Release|Any CPU
		{B5D1EC62-8AB3-4F03-8C6F-7B2B024F8AF6}.Debug|Any CPU.ActiveCfg = Debug|Any CPU
		{B5D1EC62-8AB3-4F03-8C6F-7B2B024F8AF6}.Debug|Any CPU.Build.0 = Debug|Any CPU
		{B5D1EC62-8AB3-4F03-8C6F-7B2B024F8AF6}.Release|Any CPU.ActiveCfg = Release|Any CPU
		{B5D1EC62-8AB3-4F03-8C6F-7B2B024F8AF6}.Release|Any CPU.Build.0 = Release|Any CPU
		{B75A9334-94F2-418E-BC80-D7DB45397D8D}.Debug|Any CPU.ActiveCfg = Debug|Any CPU
		{B75A9334-94F2-418E-BC80-D7DB45397D8D}.Debug|Any CPU.Build.0 = Debug|Any CPU
		{B75A9334-94F2-418E-BC80-D7DB45397D8D}.Release|Any CPU.ActiveCfg = Release|Any CPU
		{B75A9334-94F2-418E-BC80-D7DB45397D8D}.Release|Any CPU.Build.0 = Release|Any CPU
		{B8D62759-07A1-4B92-9F0C-20F42C08E9E9}.Debug|Any CPU.ActiveCfg = Debug|Any CPU
		{B8D62759-07A1-4B92-9F0C-20F42C08E9E9}.Debug|Any CPU.Build.0 = Debug|Any CPU
		{B8D62759-07A1-4B92-9F0C-20F42C08E9E9}.Release|Any CPU.ActiveCfg = Release|Any CPU
		{B8D62759-07A1-4B92-9F0C-20F42C08E9E9}.Release|Any CPU.Build.0 = Release|Any CPU
		{B98E9E12-1D3D-4E24-AA57-D3EF51E42C85}.Debug|Any CPU.ActiveCfg = Debug|Any CPU
		{B98E9E12-1D3D-4E24-AA57-D3EF51E42C85}.Debug|Any CPU.Build.0 = Debug|Any CPU
		{B98E9E12-1D3D-4E24-AA57-D3EF51E42C85}.Release|Any CPU.ActiveCfg = Release|Any CPU
		{B98E9E12-1D3D-4E24-AA57-D3EF51E42C85}.Release|Any CPU.Build.0 = Release|Any CPU
		{BB348EAD-1713-4760-9953-BC721A203885}.Debug|Any CPU.ActiveCfg = Debug|Any CPU
		{BB348EAD-1713-4760-9953-BC721A203885}.Debug|Any CPU.Build.0 = Debug|Any CPU
		{BB348EAD-1713-4760-9953-BC721A203885}.Release|Any CPU.ActiveCfg = Release|Any CPU
		{BB348EAD-1713-4760-9953-BC721A203885}.Release|Any CPU.Build.0 = Release|Any CPU
		{BC191DD9-C148-4229-B30D-2BAC26DB8252}.Debug|Any CPU.ActiveCfg = Debug|Any CPU
		{BC191DD9-C148-4229-B30D-2BAC26DB8252}.Debug|Any CPU.Build.0 = Debug|Any CPU
		{BC191DD9-C148-4229-B30D-2BAC26DB8252}.Release|Any CPU.ActiveCfg = Release|Any CPU
		{BC191DD9-C148-4229-B30D-2BAC26DB8252}.Release|Any CPU.Build.0 = Release|Any CPU
		{BC8D336F-8A97-418F-A173-7F212607239C}.Debug|Any CPU.ActiveCfg = Debug|Any CPU
		{BC8D336F-8A97-418F-A173-7F212607239C}.Debug|Any CPU.Build.0 = Debug|Any CPU
		{BC8D336F-8A97-418F-A173-7F212607239C}.Release|Any CPU.ActiveCfg = Release|x86
		{BC8D336F-8A97-418F-A173-7F212607239C}.Release|Any CPU.Build.0 = Release|x86
		{C2C9C8F8-F726-46C3-A2B0-DB338B0833B4}.Debug|Any CPU.ActiveCfg = Debug|Any CPU
		{C2C9C8F8-F726-46C3-A2B0-DB338B0833B4}.Debug|Any CPU.Build.0 = Debug|Any CPU
		{C2C9C8F8-F726-46C3-A2B0-DB338B0833B4}.Release|Any CPU.ActiveCfg = Release|Any CPU
		{C2C9C8F8-F726-46C3-A2B0-DB338B0833B4}.Release|Any CPU.Build.0 = Release|Any CPU
		{C82E52DB-84C5-4A16-906A-BFA5CF09479F}.Debug|Any CPU.ActiveCfg = Debug|Any CPU
		{C82E52DB-84C5-4A16-906A-BFA5CF09479F}.Debug|Any CPU.Build.0 = Debug|Any CPU
		{C82E52DB-84C5-4A16-906A-BFA5CF09479F}.Release|Any CPU.ActiveCfg = Release|Any CPU
		{C82E52DB-84C5-4A16-906A-BFA5CF09479F}.Release|Any CPU.Build.0 = Release|Any CPU
		{CAC61CE5-BD44-469A-A27E-8BC945E84019}.Debug|Any CPU.ActiveCfg = Debug|Any CPU
		{CAC61CE5-BD44-469A-A27E-8BC945E84019}.Debug|Any CPU.Build.0 = Debug|Any CPU
		{CAC61CE5-BD44-469A-A27E-8BC945E84019}.Release|Any CPU.ActiveCfg = Release|Any CPU
		{CAC61CE5-BD44-469A-A27E-8BC945E84019}.Release|Any CPU.Build.0 = Release|Any CPU
		{D740AD94-548E-4FB9-9A37-1C1ADE8DDC50}.Debug|Any CPU.ActiveCfg = Debug|Any CPU
		{D740AD94-548E-4FB9-9A37-1C1ADE8DDC50}.Debug|Any CPU.Build.0 = Debug|Any CPU
		{D740AD94-548E-4FB9-9A37-1C1ADE8DDC50}.Release|Any CPU.ActiveCfg = Release|Any CPU
		{D740AD94-548E-4FB9-9A37-1C1ADE8DDC50}.Release|Any CPU.Build.0 = Release|Any CPU
		{EB37BDB5-A572-4991-BD5A-F4018CBC866E}.Debug|Any CPU.ActiveCfg = Debug|Any CPU
		{EB37BDB5-A572-4991-BD5A-F4018CBC866E}.Debug|Any CPU.Build.0 = Debug|Any CPU
		{EB37BDB5-A572-4991-BD5A-F4018CBC866E}.Release|Any CPU.ActiveCfg = Release|x86
		{EB37BDB5-A572-4991-BD5A-F4018CBC866E}.Release|Any CPU.Build.0 = Release|x86
		{F65CDE28-4AF6-44C0-B729-EE71496C64F5}.Debug|Any CPU.ActiveCfg = Debug|Any CPU
		{F65CDE28-4AF6-44C0-B729-EE71496C64F5}.Debug|Any CPU.Build.0 = Debug|Any CPU
		{F65CDE28-4AF6-44C0-B729-EE71496C64F5}.Release|Any CPU.ActiveCfg = Release|x86
		{F65CDE28-4AF6-44C0-B729-EE71496C64F5}.Release|Any CPU.Build.0 = Release|x86
		{F7243B5E-D4FA-43C0-B27D-C83175D588DD}.Debug|Any CPU.ActiveCfg = Debug|Any CPU
		{F7243B5E-D4FA-43C0-B27D-C83175D588DD}.Debug|Any CPU.Build.0 = Debug|Any CPU
		{F7243B5E-D4FA-43C0-B27D-C83175D588DD}.Release|Any CPU.ActiveCfg = Release|Any CPU
		{F7243B5E-D4FA-43C0-B27D-C83175D588DD}.Release|Any CPU.Build.0 = Release|Any CPU
		{F909DC26-86C6-4B35-BC98-AF20AF084C8E}.Debug|Any CPU.ActiveCfg = Debug|Any CPU
		{F909DC26-86C6-4B35-BC98-AF20AF084C8E}.Debug|Any CPU.Build.0 = Debug|Any CPU
		{F909DC26-86C6-4B35-BC98-AF20AF084C8E}.Release|Any CPU.ActiveCfg = Release|Any CPU
		{F909DC26-86C6-4B35-BC98-AF20AF084C8E}.Release|Any CPU.Build.0 = Release|Any CPU
		{F998DCAB-07EC-45E0-A8FA-99C2D41193D3}.Debug|Any CPU.ActiveCfg = Debug|Any CPU
		{F998DCAB-07EC-45E0-A8FA-99C2D41193D3}.Debug|Any CPU.Build.0 = Debug|Any CPU
		{F998DCAB-07EC-45E0-A8FA-99C2D41193D3}.Release|Any CPU.ActiveCfg = Release|Any CPU
		{F998DCAB-07EC-45E0-A8FA-99C2D41193D3}.Release|Any CPU.Build.0 = Release|Any CPU
		{FAE22CF8-E105-44F8-A56F-9D3329808E31}.Debug|Any CPU.ActiveCfg = Debug|Any CPU
		{FAE22CF8-E105-44F8-A56F-9D3329808E31}.Debug|Any CPU.Build.0 = Debug|Any CPU
		{FAE22CF8-E105-44F8-A56F-9D3329808E31}.Release|Any CPU.ActiveCfg = Release|Any CPU
		{FAE22CF8-E105-44F8-A56F-9D3329808E31}.Release|Any CPU.Build.0 = Release|Any CPU
		{FDC0FF3F-39C6-4837-937B-877497B41A34}.Debug|Any CPU.ActiveCfg = Debug|Any CPU
		{FDC0FF3F-39C6-4837-937B-877497B41A34}.Debug|Any CPU.Build.0 = Debug|Any CPU
		{FDC0FF3F-39C6-4837-937B-877497B41A34}.Release|Any CPU.ActiveCfg = Release|Any CPU
		{FDC0FF3F-39C6-4837-937B-877497B41A34}.Release|Any CPU.Build.0 = Release|Any CPU
	EndGlobalSection
	GlobalSection(NestedProjects) = preSolution
		{C2C9C8F8-F726-46C3-A2B0-DB338B0833B4} = {CD46C44F-E79F-4F98-B3E9-73103E06D849}
		{B023085C-5EFE-413F-A664-D1701FCAD87B} = {CD46C44F-E79F-4F98-B3E9-73103E06D849}
		{FDC0FF3F-39C6-4837-937B-877497B41A34} = {CD46C44F-E79F-4F98-B3E9-73103E06D849}
		{FAE22CF8-E105-44F8-A56F-9D3329808E31} = {CD46C44F-E79F-4F98-B3E9-73103E06D849}
		{3FC67CBE-D5F2-4CE6-A9E0-8322D04F7DCE} = {CD46C44F-E79F-4F98-B3E9-73103E06D849}
		{13D90459-D9DA-4ADC-B77B-A99F95B07871} = {CD46C44F-E79F-4F98-B3E9-73103E06D849}
		{44EA805B-4769-4511-9D3F-212CFEFF5A99} = {CD46C44F-E79F-4F98-B3E9-73103E06D849}
		{F998DCAB-07EC-45E0-A8FA-99C2D41193D3} = {CD46C44F-E79F-4F98-B3E9-73103E06D849}
		{10A689CF-76A2-4A4F-96E4-553C33398438} = {CD46C44F-E79F-4F98-B3E9-73103E06D849}
		{D25EB540-09A6-49FD-816C-64AFC5DFDB92} = {CD46C44F-E79F-4F98-B3E9-73103E06D849}
		{A57E0533-0FE8-4176-8463-88C80D6A25CF} = {CD46C44F-E79F-4F98-B3E9-73103E06D849}
		{154AEF28-C81F-405D-9072-9F52580E3E7D} = {D25EB540-09A6-49FD-816C-64AFC5DFDB92}
		{155AEF28-C81F-405D-9072-9D52780E3E70} = {D25EB540-09A6-49FD-816C-64AFC5DFDB92}
		{057AF1BA-AC93-427E-9BB8-9761084B7910} = {43C34C3B-3961-4DEB-A64F-5C4D59F6AD2D}
		{ED42F952-5DD8-4310-A636-D820BEA09B72} = {43C34C3B-3961-4DEB-A64F-5C4D59F6AD2D}
		{4338C7D3-1438-49F8-9234-588E4F1FC9FC} = {43C34C3B-3961-4DEB-A64F-5C4D59F6AD2D}
		{44C77538-93D6-4DB6-9D59-341F7DDA65C1} = {43C34C3B-3961-4DEB-A64F-5C4D59F6AD2D}
		{88B32759-3C1B-4ACF-BE59-4BD3E5E46BBC} = {43C34C3B-3961-4DEB-A64F-5C4D59F6AD2D}
		{A6787FBE-45ED-4685-AD31-0635285CA31D} = {43C34C3B-3961-4DEB-A64F-5C4D59F6AD2D}
		{0A8787AE-05F0-4518-80D1-6C0394FC832E} = {43C34C3B-3961-4DEB-A64F-5C4D59F6AD2D}
		{6F1ECADE-5581-4E0A-9576-E012F2BFF0D5} = {057AF1BA-AC93-427E-9BB8-9761084B7910}
		{9029B871-17D0-4005-A34C-2522502EF5D8} = {4338C7D3-1438-49F8-9234-588E4F1FC9FC}
		{5096A13B-EA1F-4828-B4E2-0423A7AD720F} = {4338C7D3-1438-49F8-9234-588E4F1FC9FC}
		{F7243B5E-D4FA-43C0-B27D-C83175D588DD} = {44C77538-93D6-4DB6-9D59-341F7DDA65C1}
		{33A9B099-7F90-4545-9BEE-1E6D81DA591B} = {44C77538-93D6-4DB6-9D59-341F7DDA65C1}
		{93E2477A-BF87-446D-8077-30E7930C0BF2} = {44C77538-93D6-4DB6-9D59-341F7DDA65C1}
		{B75A9334-94F2-418E-BC80-D7DB45397D8D} = {88B32759-3C1B-4ACF-BE59-4BD3E5E46BBC}
		{2527CA26-82B6-4E2C-8199-25E5986A8AA2} = {88B32759-3C1B-4ACF-BE59-4BD3E5E46BBC}
		{5821977D-AC2C-4912-BCD0-6E6B1A756167} = {88B32759-3C1B-4ACF-BE59-4BD3E5E46BBC}
		{CAC61CE5-BD44-469A-A27E-8BC945E84019} = {88B32759-3C1B-4ACF-BE59-4BD3E5E46BBC}
		{5FC267A9-D477-41B9-B2AA-BF4A1A029940} = {88B32759-3C1B-4ACF-BE59-4BD3E5E46BBC}
		{16E74297-50B6-44A4-A3EB-6DD23F27884B} = {0A8787AE-05F0-4518-80D1-6C0394FC832E}
		{72D167B9-C5C7-44A6-9C1B-A3D925153411} = {0A8787AE-05F0-4518-80D1-6C0394FC832E}
		{6E31202F-874A-440B-AD71-209FFB503EC7} = {0A8787AE-05F0-4518-80D1-6C0394FC832E}
		{236F5B85-FC0A-4D8D-B5A8-7FAB95B27E87} = {0A8787AE-05F0-4518-80D1-6C0394FC832E}
		{26F36111-8EC2-485E-BCAD-B99F5BDCBAC9} = {0A8787AE-05F0-4518-80D1-6C0394FC832E}
		{F65CDE28-4AF6-44C0-B729-EE71496C64F5} = {0A8787AE-05F0-4518-80D1-6C0394FC832E}
		{03CE8C7E-1027-481C-B805-90C6D33E47BA} = {0A8787AE-05F0-4518-80D1-6C0394FC832E}
		{682188EE-DD3D-414B-9E26-EAD3431D7822} = {7E4D91D8-19FB-4544-BA48-04768A238A95}
		{24D87BE5-47DD-4D7A-A3EC-A59FAA583018} = {7E4D91D8-19FB-4544-BA48-04768A238A95}
		{EB37BDB5-A572-4991-BD5A-F4018CBC866E} = {980208B6-9D85-49FE-8152-7D86547D5E0A}
		{651D0468-D31B-418C-8F50-8DC3C07A205E} = {980208B6-9D85-49FE-8152-7D86547D5E0A}
		{69091558-FB59-4F73-BFBD-50649375EAB8} = {980208B6-9D85-49FE-8152-7D86547D5E0A}
		{1575E100-9D63-4F78-8B87-1121C7EC48BF} = {980208B6-9D85-49FE-8152-7D86547D5E0A}
		{B5D1EC62-8AB3-4F03-8C6F-7B2B024F8AF6} = {980208B6-9D85-49FE-8152-7D86547D5E0A}
		{B8D62759-07A1-4B92-9F0C-20F42C08E9E9} = {F5694A6D-6DBD-420D-8189-0DE91CE456C8}
		{B21C896A-99E6-4DB7-90FD-D71B9CE211DF} = {F5694A6D-6DBD-420D-8189-0DE91CE456C8}
		{B55EE102-28FB-462F-A827-23AF26DE5140} = {F5694A6D-6DBD-420D-8189-0DE91CE456C8}
	EndGlobalSection
	GlobalSection(MonoDevelopProperties) = preSolution
		StartupItem = Web\PowerShellWebAccess\PowerShellWebAccess.csproj
	EndGlobalSection
EndGlobal
